
Microsoft Visual Studio Solution File, Format Version 12.00
Project("{FAE04EC0-301F-11D3-BF4B-00C04F79EFBC}") = "Oz.RateLimitedHttpClient", "Oz.RateLimitedHttpClient.csproj", "{037CC725-248D-4FF2-AE6F-2A622ECCEA69}"
EndProject
Global
	GlobalSection(SolutionConfigurationPlatforms) = preSolution
		Debug|Any CPU = Debug|Any CPU
		Release|Any CPU = Release|Any CPU
	EndGlobalSection
	GlobalSection(ProjectConfigurationPlatforms) = postSolution
		{037CC725-248D-4FF2-AE6F-2A622ECCEA69}.Debug|Any CPU.ActiveCfg = Debug|Any CPU
		{037CC725-248D-4FF2-AE6F-2A622ECCEA69}.Debug|Any CPU.Build.0 = Debug|Any CPU
		{037CC725-248D-4FF2-AE6F-2A622ECCEA69}.Release|Any CPU.ActiveCfg = Release|Any CPU
		{037CC725-248D-4FF2-AE6F-2A622ECCEA69}.Release|Any CPU.Build.0 = Release|Any CPU
	EndGlobalSection
EndGlobal
